
Microsoft Visual Studio Solution File, Format Version 12.00
# Visual Studio Version 16
VisualStudioVersion = 25.0.1700.3
MinimumVisualStudioVersion = 10.0.40219.1
Project("{FAE04EC0-301F-11D3-BF4B-00C04F79EFBC}") = "RoomBooking.Core", "RoomBooking\RoomBooking.Core.csproj", "{7A71E7AF-F91B-42D3-AB2A-C909D8A05515}"
EndProject
Project("{FAE04EC0-301F-11D3-BF4B-00C04F79EFBC}") = "RoomBooking.Core.Tests", "RoomBooking.Tests\RoomBooking.Core.Tests.csproj", "{B2FEE233-CA00-44F3-9B95-2D2B06E0EFD1}"
EndProject
Project("{FAE04EC0-301F-11D3-BF4B-00C04F79EFBC}") = "RoomBooking.Persistence", "RoomBooking.Persistence\RoomBooking.Persistence.csproj", "{98BE3BD3-C0B4-4CCA-8463-26A79FC64ABD}"
EndProject
Project("{FAE04EC0-301F-11D3-BF4B-00C04F79EFBC}") = "RoomBooking.Domain", "RoomBooking.Domain\RoomBooking.Domain.csproj", "{E4F9298D-CDB4-4342-AD63-C92FCDF371B7}"
EndProject
Project("{FAE04EC0-301F-11D3-BF4B-00C04F79EFBC}") = "RoomBooking.Persistence.Tests", "RoomBooking.Persistence.Tests\RoomBooking.Persistence.Tests.csproj", "{8A0470AB-7218-4EDE-82F4-784561171D46}"
EndProject
Project("{FAE04EC0-301F-11D3-BF4B-00C04F79EFBC}") = "RoomBooking.API", "RoomBooking.API\RoomBooking.API.csproj", "{E5AE98B3-051E-4D36-A569-F35134D8B781}"
EndProject
Project("{FAE04EC0-301F-11D3-BF4B-00C04F79EFBC}") = "RoomBooking.API.Tests", "RoomBooking.API.Tests\RoomBooking.API.Tests.csproj", "{927DE7DA-DCDB-4053-B26D-73D8060B75F7}"
EndProject
Global
	GlobalSection(SolutionConfigurationPlatforms) = preSolution
		Debug|Any CPU = Debug|Any CPU
		Release|Any CPU = Release|Any CPU
	EndGlobalSection
	GlobalSection(ProjectConfigurationPlatforms) = postSolution
		{7A71E7AF-F91B-42D3-AB2A-C909D8A05515}.Debug|Any CPU.ActiveCfg = Debug|Any CPU
		{7A71E7AF-F91B-42D3-AB2A-C909D8A05515}.Debug|Any CPU.Build.0 = Debug|Any CPU
		{7A71E7AF-F91B-42D3-AB2A-C909D8A05515}.Release|Any CPU.ActiveCfg = Release|Any CPU
		{7A71E7AF-F91B-42D3-AB2A-C909D8A05515}.Release|Any CPU.Build.0 = Release|Any CPU
		{B2FEE233-CA00-44F3-9B95-2D2B06E0EFD1}.Debug|Any CPU.ActiveCfg = Debug|Any CPU
		{B2FEE233-CA00-44F3-9B95-2D2B06E0EFD1}.Debug|Any CPU.Build.0 = Debug|Any CPU
		{B2FEE233-CA00-44F3-9B95-2D2B06E0EFD1}.Release|Any CPU.ActiveCfg = Release|Any CPU
		{B2FEE233-CA00-44F3-9B95-2D2B06E0EFD1}.Release|Any CPU.Build.0 = Release|Any CPU
		{98BE3BD3-C0B4-4CCA-8463-26A79FC64ABD}.Debug|Any CPU.ActiveCfg = Debug|Any CPU
		{98BE3BD3-C0B4-4CCA-8463-26A79FC64ABD}.Debug|Any CPU.Build.0 = Debug|Any CPU
		{98BE3BD3-C0B4-4CCA-8463-26A79FC64ABD}.Release|Any CPU.ActiveCfg = Release|Any CPU
		{98BE3BD3-C0B4-4CCA-8463-26A79FC64ABD}.Release|Any CPU.Build.0 = Release|Any CPU
		{E4F9298D-CDB4-4342-AD63-C92FCDF371B7}.Debug|Any CPU.ActiveCfg = Debug|Any CPU
		{E4F9298D-CDB4-4342-AD63-C92FCDF371B7}.Debug|Any CPU.Build.0 = Debug|Any CPU
		{E4F9298D-CDB4-4342-AD63-C92FCDF371B7}.Release|Any CPU.ActiveCfg = Release|Any CPU
		{E4F9298D-CDB4-4342-AD63-C92FCDF371B7}.Release|Any CPU.Build.0 = Release|Any CPU
		{8A0470AB-7218-4EDE-82F4-784561171D46}.Debug|Any CPU.ActiveCfg = Debug|Any CPU
		{8A0470AB-7218-4EDE-82F4-784561171D46}.Debug|Any CPU.Build.0 = Debug|Any CPU
		{8A0470AB-7218-4EDE-82F4-784561171D46}.Release|Any CPU.ActiveCfg = Release|Any CPU
		{8A0470AB-7218-4EDE-82F4-784561171D46}.Release|Any CPU.Build.0 = Release|Any CPU
		{E5AE98B3-051E-4D36-A569-F35134D8B781}.Debug|Any CPU.ActiveCfg = Debug|Any CPU
		{E5AE98B3-051E-4D36-A569-F35134D8B781}.Debug|Any CPU.Build.0 = Debug|Any CPU
		{E5AE98B3-051E-4D36-A569-F35134D8B781}.Release|Any CPU.ActiveCfg = Release|Any CPU
		{E5AE98B3-051E-4D36-A569-F35134D8B781}.Release|Any CPU.Build.0 = Release|Any CPU
		{927DE7DA-DCDB-4053-B26D-73D8060B75F7}.Debug|Any CPU.ActiveCfg = Debug|Any CPU
		{927DE7DA-DCDB-4053-B26D-73D8060B75F7}.Debug|Any CPU.Build.0 = Debug|Any CPU
		{927DE7DA-DCDB-4053-B26D-73D8060B75F7}.Release|Any CPU.ActiveCfg = Release|Any CPU
		{927DE7DA-DCDB-4053-B26D-73D8060B75F7}.Release|Any CPU.Build.0 = Release|Any CPU
	EndGlobalSection
	GlobalSection(SolutionProperties) = preSolution
		HideSolutionNode = FALSE
	EndGlobalSection
	GlobalSection(ExtensibilityGlobals) = postSolution
		SolutionGuid = {A11BB888-FAA6-44B0-9BEB-F671D505E70B}
	EndGlobalSection
EndGlobal
